
Microsoft Visual Studio Solution File, Format Version 12.00
# Visual Studio 2013
VisualStudioVersion = 12.0.40629.0
MinimumVisualStudioVersion = 10.0.40219.1
Project("{FAE04EC0-301F-11D3-BF4B-00C04F79EFBC}") = "SYMM Frontend WPF", "SYMM Frontend WPF.csproj", "{23074720-EC88-46CE-88E5-BCF1AFAD0CF9}"
EndProject
Project("{FAE04EC0-301F-11D3-BF4B-00C04F79EFBC}") = "SYMM Backend", "..\SYMM Backend\SYMM Backend.csproj", "{48943E3B-8E97-4A65-BBE5-2C885CBAA136}"
EndProject
Project("{FAE04EC0-301F-11D3-BF4B-00C04F79EFBC}") = "YoutubeExtractor", "..\..\lib\YoutubeExtractor\YoutubeExtractor\YoutubeExtractor\YoutubeExtractor.csproj", "{ECDC127F-8DEF-4F99-8300-72C13597339D}"
EndProject
Project("{2150E333-8FDC-42A3-9474-1A3956D46DE8}") = ".nuget", ".nuget", "{A9D716F4-F4BB-4780-9D31-A952585583AD}"
	ProjectSection(SolutionItems) = preProject
		.nuget\NuGet.Config = .nuget\NuGet.Config
		.nuget\NuGet.exe = .nuget\NuGet.exe
		.nuget\NuGet.targets = .nuget\NuGet.targets
	EndProjectSection
EndProject
Global
	GlobalSection(SolutionConfigurationPlatforms) = preSolution
		Debug|Any CPU = Debug|Any CPU
		Release|Any CPU = Release|Any CPU
	EndGlobalSection
	GlobalSection(ProjectConfigurationPlatforms) = postSolution
		{23074720-EC88-46CE-88E5-BCF1AFAD0CF9}.Debug|Any CPU.ActiveCfg = Debug|Any CPU
		{23074720-EC88-46CE-88E5-BCF1AFAD0CF9}.Debug|Any CPU.Build.0 = Debug|Any CPU
		{23074720-EC88-46CE-88E5-BCF1AFAD0CF9}.Release|Any CPU.ActiveCfg = Release|Any CPU
		{23074720-EC88-46CE-88E5-BCF1AFAD0CF9}.Release|Any CPU.Build.0 = Release|Any CPU
		{48943E3B-8E97-4A65-BBE5-2C885CBAA136}.Debug|Any CPU.ActiveCfg = Debug|Any CPU
		{48943E3B-8E97-4A65-BBE5-2C885CBAA136}.Debug|Any CPU.Build.0 = Debug|Any CPU
		{48943E3B-8E97-4A65-BBE5-2C885CBAA136}.Release|Any CPU.ActiveCfg = Release|Any CPU
		{48943E3B-8E97-4A65-BBE5-2C885CBAA136}.Release|Any CPU.Build.0 = Release|Any CPU
		{ECDC127F-8DEF-4F99-8300-72C13597339D}.Debug|Any CPU.ActiveCfg = Debug|Any CPU
		{ECDC127F-8DEF-4F99-8300-72C13597339D}.Debug|Any CPU.Build.0 = Debug|Any CPU
		{ECDC127F-8DEF-4F99-8300-72C13597339D}.Release|Any CPU.ActiveCfg = Release|Any CPU
		{ECDC127F-8DEF-4F99-8300-72C13597339D}.Release|Any CPU.Build.0 = Release|Any CPU
	EndGlobalSection
	GlobalSection(SolutionProperties) = preSolution
		HideSolutionNode = FALSE
	EndGlobalSection
EndGlobal
